
Microsoft Visual Studio Solution File, Format Version 12.00
# Visual Studio Version 17
VisualStudioVersion = 17.9.34902.65
MinimumVisualStudioVersion = 10.0.40219.1
Project("{FAE04EC0-301F-11D3-BF4B-00C04F79EFBC}") = "Практика", "Практика\Практика.csproj", "{A1472CB2-DB6E-4023-A65D-1A67D91BB0FD}"
EndProject
Project("{2150E333-8FDC-42A3-9474-1A3956D46DE8}") = "Solution Items", "Solution Items", "{627DA5C9-5BB0-4C9A-83C4-CA31DB7D4665}"
	ProjectSection(SolutionItems) = preProject
		.editorconfig = .editorconfig
	EndProjectSection
EndProject
Global
	GlobalSection(SolutionConfigurationPlatforms) = preSolution
		Debug|Any CPU = Debug|Any CPU
		Release|Any CPU = Release|Any CPU
	EndGlobalSection
	GlobalSection(ProjectConfigurationPlatforms) = postSolution
		{A1472CB2-DB6E-4023-A65D-1A67D91BB0FD}.Debug|Any CPU.ActiveCfg = Debug|Any CPU
		{A1472CB2-DB6E-4023-A65D-1A67D91BB0FD}.Debug|Any CPU.Build.0 = Debug|Any CPU
		{A1472CB2-DB6E-4023-A65D-1A67D91BB0FD}.Release|Any CPU.ActiveCfg = Release|Any CPU
		{A1472CB2-DB6E-4023-A65D-1A67D91BB0FD}.Release|Any CPU.Build.0 = Release|Any CPU
	EndGlobalSection
	GlobalSection(SolutionProperties) = preSolution
		HideSolutionNode = FALSE
	EndGlobalSection
	GlobalSection(ExtensibilityGlobals) = postSolution
		SolutionGuid = {89A4470E-8ED8-4581-943E-ACE41AE155B7}
	EndGlobalSection
EndGlobal
